# generated by rye
# use `rye lock` or `rye sync` to update this lockfile
#
# last locked with the following flags:
#   pre: false
#   features: []
#   all-features: false
#   with-sources: false
#   generate-hashes: false
#   universal: false

-e file:.
annotated-types==0.7.0
    # via pydantic
anyio==4.10.0
    # via httpx
    # via openai
    # via starlette
    # via watchfiles
attrs==25.3.0
    # via jsonschema
    # via referencing
backoff==2.2.1
    # via posthog
bcrypt==4.3.0
    # via chromadb
build==1.3.0
    # via chromadb
cachetools==5.5.2
    # via google-auth
certifi==2025.8.3
    # via httpcore
    # via httpx
    # via kubernetes
    # via requests
    # via sentry-sdk
charset-normalizer==3.4.3
    # via requests
chromadb==1.0.20
    # via books-uniq
click==8.2.1
    # via rich-toolkit
    # via typer
    # via uvicorn
coloredlogs==15.0.1
    # via onnxruntime
distro==1.9.0
    # via openai
    # via posthog
dnspython==2.7.0
    # via email-validator
durationpy==0.10
    # via kubernetes
email-validator==2.2.0
    # via fastapi
    # via pydantic
fastapi==0.116.1
    # via books-uniq
fastapi-cli==0.0.8
    # via fastapi
fastapi-cloud-cli==0.1.5
    # via fastapi-cli
filelock==3.19.1
    # via huggingface-hub
flatbuffers==25.2.10
    # via onnxruntime
fsspec==2025.7.0
    # via huggingface-hub
google-auth==2.40.3
    # via kubernetes
googleapis-common-protos==1.70.0
    # via opentelemetry-exporter-otlp-proto-grpc
grpcio==1.74.0
    # via chromadb
    # via opentelemetry-exporter-otlp-proto-grpc
h11==0.16.0
    # via httpcore
    # via uvicorn
hf-xet==1.1.8
    # via huggingface-hub
httpcore==1.0.9
    # via httpx
httptools==0.6.4
    # via uvicorn
httpx==0.28.1
    # via chromadb
    # via fastapi
    # via fastapi-cloud-cli
    # via openai
huggingface-hub==0.34.4
    # via tokenizers
humanfriendly==10.0
    # via coloredlogs
idna==3.10
    # via anyio
    # via email-validator
    # via httpx
    # via requests
importlib-metadata==8.7.0
    # via opentelemetry-api
importlib-resources==6.5.2
    # via chromadb
jinja2==3.1.6
    # via fastapi
jiter==0.10.0
    # via openai
jsonschema==4.25.1
    # via chromadb
jsonschema-specifications==2025.4.1
    # via jsonschema
kubernetes==33.1.0
    # via chromadb
markdown-it-py==4.0.0
    # via rich
markupsafe==3.0.2
    # via jinja2
mdurl==0.1.2
    # via markdown-it-py
mmh3==5.2.0
    # via chromadb
mpmath==1.3.0
    # via sympy
numpy==2.3.2
    # via books-uniq
    # via chromadb
    # via onnxruntime
oauthlib==3.3.1
    # via kubernetes
    # via requests-oauthlib
onnxruntime==1.22.1
    # via chromadb
openai==1.101.0
    # via books-uniq
opentelemetry-api==1.36.0
    # via chromadb
    # via opentelemetry-exporter-otlp-proto-grpc
    # via opentelemetry-sdk
    # via opentelemetry-semantic-conventions
opentelemetry-exporter-otlp-proto-common==1.36.0
    # via opentelemetry-exporter-otlp-proto-grpc
opentelemetry-exporter-otlp-proto-grpc==1.36.0
    # via chromadb
opentelemetry-proto==1.36.0
    # via opentelemetry-exporter-otlp-proto-common
    # via opentelemetry-exporter-otlp-proto-grpc
opentelemetry-sdk==1.36.0
    # via chromadb
    # via opentelemetry-exporter-otlp-proto-grpc
opentelemetry-semantic-conventions==0.57b0
    # via opentelemetry-sdk
orjson==3.11.2
    # via chromadb
overrides==7.7.0
    # via chromadb
packaging==25.0
    # via build
    # via huggingface-hub
    # via onnxruntime
posthog==5.4.0
    # via chromadb
protobuf==6.32.0
    # via googleapis-common-protos
    # via onnxruntime
    # via opentelemetry-proto
pyasn1==0.6.1
    # via pyasn1-modules
    # via rsa
pyasn1-modules==0.4.2
    # via google-auth
pybase64==1.4.2
    # via chromadb
pydantic==2.11.7
    # via books-uniq
    # via chromadb
    # via fastapi
    # via fastapi-cloud-cli
    # via openai
    # via pydantic-settings
pydantic-core==2.33.2
    # via pydantic
pydantic-settings==2.10.1
    # via books-uniq
pygments==2.19.2
    # via rich
pypika==0.48.9
    # via chromadb
pyproject-hooks==1.2.0
    # via build
python-dateutil==2.9.0.post0
    # via kubernetes
    # via posthog
python-dotenv==1.1.1
    # via books-uniq
    # via pydantic-settings
    # via uvicorn
python-multipart==0.0.20
    # via fastapi
pyyaml==6.0.2
    # via chromadb
    # via huggingface-hub
    # via kubernetes
    # via uvicorn
referencing==0.36.2
    # via jsonschema
    # via jsonschema-specifications
requests==2.32.5
    # via huggingface-hub
    # via kubernetes
    # via posthog
    # via requests-oauthlib
requests-oauthlib==2.0.0
    # via kubernetes
rich==14.1.0
    # via chromadb
    # via rich-toolkit
    # via typer
rich-toolkit==0.15.0
    # via fastapi-cli
    # via fastapi-cloud-cli
rignore==0.6.4
    # via fastapi-cloud-cli
rpds-py==0.27.0
    # via jsonschema
    # via referencing
rsa==4.9.1
    # via google-auth
sentry-sdk==2.35.0
    # via fastapi-cloud-cli
shellingham==1.5.4
    # via typer
six==1.17.0
    # via kubernetes
    # via posthog
    # via python-dateutil
sniffio==1.3.1
    # via anyio
    # via openai
starlette==0.47.2
    # via fastapi
sympy==1.14.0
    # via onnxruntime
tenacity==9.1.2
    # via chromadb
tokenizers==0.21.4
    # via chromadb
tqdm==4.67.1
    # via chromadb
    # via huggingface-hub
    # via openai
typer==0.16.1
    # via chromadb
    # via fastapi-cli
    # via fastapi-cloud-cli
typing-extensions==4.14.1
    # via anyio
    # via chromadb
    # via fastapi
    # via huggingface-hub
    # via openai
    # via opentelemetry-api
    # via opentelemetry-exporter-otlp-proto-grpc
    # via opentelemetry-sdk
    # via opentelemetry-semantic-conventions
    # via pydantic
    # via pydantic-core
    # via referencing
    # via rich-toolkit
    # via starlette
    # via typer
    # via typing-inspection
typing-inspection==0.4.1
    # via pydantic
    # via pydantic-settings
urllib3==2.5.0
    # via kubernetes
    # via requests
    # via sentry-sdk
uvicorn==0.35.0
    # via chromadb
    # via fastapi
    # via fastapi-cli
    # via fastapi-cloud-cli
uvloop==0.21.0
    # via uvicorn
watchfiles==1.1.0
    # via uvicorn
websocket-client==1.8.0
    # via kubernetes
websockets==15.0.1
    # via uvicorn
zipp==3.23.0
    # via importlib-metadata
